
Microsoft Visual Studio Solution File, Format Version 12.00
# Visual Studio 15
VisualStudioVersion = 15.0.28307.572
MinimumVisualStudioVersion = 10.0.40219.1
Project("{FAE04EC0-301F-11D3-BF4B-00C04F79EFBC}") = "WaiterApp.Android", "WaiterApp\WaiterApp.Android\WaiterApp.Android.csproj", "{F3947242-A5CE-4B5A-BBB2-D692AD48C481}"
EndProject
Project("{FAE04EC0-301F-11D3-BF4B-00C04F79EFBC}") = "WaiterApp.iOS", "WaiterApp\WaiterApp.iOS\WaiterApp.iOS.csproj", "{C8C14845-4C93-4238-B7F8-8E241F18A14D}"
EndProject
Project("{9A19103F-16F7-4668-BE54-9A1E7A4F7556}") = "WaiterApp", "WaiterApp\WaiterApp\WaiterApp.csproj", "{22F0AAAD-46DA-4018-819F-7DDE80E9A41D}"
EndProject
Project("{FAE04EC0-301F-11D3-BF4B-00C04F79EFBC}") = "WaiterAPI", "WaiterAPI\WaiterAPI.csproj", "{869F66E0-294B-4C17-A3FF-47376CE25A5A}"
EndProject
Global
	GlobalSection(SolutionConfigurationPlatforms) = preSolution
		Ad-Hoc|Any CPU = Ad-Hoc|Any CPU
		Ad-Hoc|iPhone = Ad-Hoc|iPhone
		Ad-Hoc|iPhoneSimulator = Ad-Hoc|iPhoneSimulator
		AppStore|Any CPU = AppStore|Any CPU
		AppStore|iPhone = AppStore|iPhone
		AppStore|iPhoneSimulator = AppStore|iPhoneSimulator
		Debug|Any CPU = Debug|Any CPU
		Debug|iPhone = Debug|iPhone
		Debug|iPhoneSimulator = Debug|iPhoneSimulator
		Release|Any CPU = Release|Any CPU
		Release|iPhone = Release|iPhone
		Release|iPhoneSimulator = Release|iPhoneSimulator
	EndGlobalSection
	GlobalSection(ProjectConfigurationPlatforms) = postSolution
		{F3947242-A5CE-4B5A-BBB2-D692AD48C481}.Ad-Hoc|Any CPU.ActiveCfg = Release|Any CPU
		{F3947242-A5CE-4B5A-BBB2-D692AD48C481}.Ad-Hoc|Any CPU.Build.0 = Release|Any CPU
		{F3947242-A5CE-4B5A-BBB2-D692AD48C481}.Ad-Hoc|Any CPU.Deploy.0 = Release|Any CPU
		{F3947242-A5CE-4B5A-BBB2-D692AD48C481}.Ad-Hoc|iPhone.ActiveCfg = Release|Any CPU
		{F3947242-A5CE-4B5A-BBB2-D692AD48C481}.Ad-Hoc|iPhone.Build.0 = Release|Any CPU
		{F3947242-A5CE-4B5A-BBB2-D692AD48C481}.Ad-Hoc|iPhone.Deploy.0 = Release|Any CPU
		{F3947242-A5CE-4B5A-BBB2-D692AD48C481}.Ad-Hoc|iPhoneSimulator.ActiveCfg = Release|Any CPU
		{F3947242-A5CE-4B5A-BBB2-D692AD48C481}.Ad-Hoc|iPhoneSimulator.Build.0 = Release|Any CPU
		{F3947242-A5CE-4B5A-BBB2-D692AD48C481}.Ad-Hoc|iPhoneSimulator.Deploy.0 = Release|Any CPU
		{F3947242-A5CE-4B5A-BBB2-D692AD48C481}.AppStore|Any CPU.ActiveCfg = Release|Any CPU
		{F3947242-A5CE-4B5A-BBB2-D692AD48C481}.AppStore|Any CPU.Build.0 = Release|Any CPU
		{F3947242-A5CE-4B5A-BBB2-D692AD48C481}.AppStore|Any CPU.Deploy.0 = Release|Any CPU
		{F3947242-A5CE-4B5A-BBB2-D692AD48C481}.AppStore|iPhone.ActiveCfg = Release|Any CPU
		{F3947242-A5CE-4B5A-BBB2-D692AD48C481}.AppStore|iPhone.Build.0 = Release|Any CPU
		{F3947242-A5CE-4B5A-BBB2-D692AD48C481}.AppStore|iPhone.Deploy.0 = Release|Any CPU
		{F3947242-A5CE-4B5A-BBB2-D692AD48C481}.AppStore|iPhoneSimulator.ActiveCfg = Release|Any CPU
		{F3947242-A5CE-4B5A-BBB2-D692AD48C481}.AppStore|iPhoneSimulator.Build.0 = Release|Any CPU
		{F3947242-A5CE-4B5A-BBB2-D692AD48C481}.AppStore|iPhoneSimulator.Deploy.0 = Release|Any CPU
		{F3947242-A5CE-4B5A-BBB2-D692AD48C481}.Debug|Any CPU.ActiveCfg = Debug|Any CPU
		{F3947242-A5CE-4B5A-BBB2-D692AD48C481}.Debug|Any CPU.Build.0 = Debug|Any CPU
		{F3947242-A5CE-4B5A-BBB2-D692AD48C481}.Debug|Any CPU.Deploy.0 = Debug|Any CPU
		{F3947242-A5CE-4B5A-BBB2-D692AD48C481}.Debug|iPhone.ActiveCfg = Debug|Any CPU
		{F3947242-A5CE-4B5A-BBB2-D692AD48C481}.Debug|iPhone.Build.0 = Debug|Any CPU
		{F3947242-A5CE-4B5A-BBB2-D692AD48C481}.Debug|iPhone.Deploy.0 = Debug|Any CPU
		{F3947242-A5CE-4B5A-BBB2-D692AD48C481}.Debug|iPhoneSimulator.ActiveCfg = Debug|Any CPU
		{F3947242-A5CE-4B5A-BBB2-D692AD48C481}.Debug|iPhoneSimulator.Build.0 = Debug|Any CPU
		{F3947242-A5CE-4B5A-BBB2-D692AD48C481}.Debug|iPhoneSimulator.Deploy.0 = Debug|Any CPU
		{F3947242-A5CE-4B5A-BBB2-D692AD48C481}.Release|Any CPU.ActiveCfg = Release|Any CPU
		{F3947242-A5CE-4B5A-BBB2-D692AD48C481}.Release|Any CPU.Build.0 = Release|Any CPU
		{F3947242-A5CE-4B5A-BBB2-D692AD48C481}.Release|Any CPU.Deploy.0 = Release|Any CPU
		{F3947242-A5CE-4B5A-BBB2-D692AD48C481}.Release|iPhone.ActiveCfg = Release|Any CPU
		{F3947242-A5CE-4B5A-BBB2-D692AD48C481}.Release|iPhone.Build.0 = Release|Any CPU
		{F3947242-A5CE-4B5A-BBB2-D692AD48C481}.Release|iPhone.Deploy.0 = Release|Any CPU
		{F3947242-A5CE-4B5A-BBB2-D692AD48C481}.Release|iPhoneSimulator.ActiveCfg = Release|Any CPU
		{F3947242-A5CE-4B5A-BBB2-D692AD48C481}.Release|iPhoneSimulator.Build.0 = Release|Any CPU
		{F3947242-A5CE-4B5A-BBB2-D692AD48C481}.Release|iPhoneSimulator.Deploy.0 = Release|Any CPU
		{C8C14845-4C93-4238-B7F8-8E241F18A14D}.Ad-Hoc|Any CPU.ActiveCfg = Ad-Hoc|iPhone
		{C8C14845-4C93-4238-B7F8-8E241F18A14D}.Ad-Hoc|Any CPU.Build.0 = Ad-Hoc|iPhone
		{C8C14845-4C93-4238-B7F8-8E241F18A14D}.Ad-Hoc|Any CPU.Deploy.0 = Ad-Hoc|iPhone
		{C8C14845-4C93-4238-B7F8-8E241F18A14D}.Ad-Hoc|iPhone.ActiveCfg = Ad-Hoc|iPhone
		{C8C14845-4C93-4238-B7F8-8E241F18A14D}.Ad-Hoc|iPhone.Build.0 = Ad-Hoc|iPhone
		{C8C14845-4C93-4238-B7F8-8E241F18A14D}.Ad-Hoc|iPhone.Deploy.0 = Ad-Hoc|iPhone
		{C8C14845-4C93-4238-B7F8-8E241F18A14D}.Ad-Hoc|iPhoneSimulator.ActiveCfg = Ad-Hoc|iPhoneSimulator
		{C8C14845-4C93-4238-B7F8-8E241F18A14D}.Ad-Hoc|iPhoneSimulator.Build.0 = Ad-Hoc|iPhoneSimulator
		{C8C14845-4C93-4238-B7F8-8E241F18A14D}.Ad-Hoc|iPhoneSimulator.Deploy.0 = Ad-Hoc|iPhoneSimulator
		{C8C14845-4C93-4238-B7F8-8E241F18A14D}.AppStore|Any CPU.ActiveCfg = AppStore|iPhone
		{C8C14845-4C93-4238-B7F8-8E241F18A14D}.AppStore|Any CPU.Build.0 = AppStore|iPhone
		{C8C14845-4C93-4238-B7F8-8E241F18A14D}.AppStore|Any CPU.Deploy.0 = AppStore|iPhone
		{C8C14845-4C93-4238-B7F8-8E241F18A14D}.AppStore|iPhone.ActiveCfg = AppStore|iPhone
		{C8C14845-4C93-4238-B7F8-8E241F18A14D}.AppStore|iPhone.Build.0 = AppStore|iPhone
		{C8C14845-4C93-4238-B7F8-8E241F18A14D}.AppStore|iPhone.Deploy.0 = AppStore|iPhone
		{C8C14845-4C93-4238-B7F8-8E241F18A14D}.AppStore|iPhoneSimulator.ActiveCfg = AppStore|iPhoneSimulator
		{C8C14845-4C93-4238-B7F8-8E241F18A14D}.AppStore|iPhoneSimulator.Build.0 = AppStore|iPhoneSimulator
		{C8C14845-4C93-4238-B7F8-8E241F18A14D}.AppStore|iPhoneSimulator.Deploy.0 = AppStore|iPhoneSimulator
		{C8C14845-4C93-4238-B7F8-8E241F18A14D}.Debug|Any CPU.ActiveCfg = Debug|iPhoneSimulator
		{C8C14845-4C93-4238-B7F8-8E241F18A14D}.Debug|Any CPU.Build.0 = Debug|iPhoneSimulator
		{C8C14845-4C93-4238-B7F8-8E241F18A14D}.Debug|Any CPU.Deploy.0 = Debug|iPhoneSimulator
		{C8C14845-4C93-4238-B7F8-8E241F18A14D}.Debug|iPhone.ActiveCfg = Debug|iPhone
		{C8C14845-4C93-4238-B7F8-8E241F18A14D}.Debug|iPhone.Build.0 = Debug|iPhone
		{C8C14845-4C93-4238-B7F8-8E241F18A14D}.Debug|iPhone.Deploy.0 = Debug|iPhone
		{C8C14845-4C93-4238-B7F8-8E241F18A14D}.Debug|iPhoneSimulator.ActiveCfg = Debug|iPhoneSimulator
		{C8C14845-4C93-4238-B7F8-8E241F18A14D}.Debug|iPhoneSimulator.Build.0 = Debug|iPhoneSimulator
		{C8C14845-4C93-4238-B7F8-8E241F18A14D}.Debug|iPhoneSimulator.Deploy.0 = Debug|iPhoneSimulator
		{C8C14845-4C93-4238-B7F8-8E241F18A14D}.Release|Any CPU.ActiveCfg = Release|iPhone
		{C8C14845-4C93-4238-B7F8-8E241F18A14D}.Release|Any CPU.Build.0 = Release|iPhone
		{C8C14845-4C93-4238-B7F8-8E241F18A14D}.Release|Any CPU.Deploy.0 = Release|iPhone
		{C8C14845-4C93-4238-B7F8-8E241F18A14D}.Release|iPhone.ActiveCfg = Release|iPhone
		{C8C14845-4C93-4238-B7F8-8E241F18A14D}.Release|iPhone.Build.0 = Release|iPhone
		{C8C14845-4C93-4238-B7F8-8E241F18A14D}.Release|iPhone.Deploy.0 = Release|iPhone
		{C8C14845-4C93-4238-B7F8-8E241F18A14D}.Release|iPhoneSimulator.ActiveCfg = Release|iPhoneSimulator
		{C8C14845-4C93-4238-B7F8-8E241F18A14D}.Release|iPhoneSimulator.Build.0 = Release|iPhoneSimulator
		{C8C14845-4C93-4238-B7F8-8E241F18A14D}.Release|iPhoneSimulator.Deploy.0 = Release|iPhoneSimulator
		{22F0AAAD-46DA-4018-819F-7DDE80E9A41D}.Ad-Hoc|Any CPU.ActiveCfg = Debug|Any CPU
		{22F0AAAD-46DA-4018-819F-7DDE80E9A41D}.Ad-Hoc|Any CPU.Build.0 = Debug|Any CPU
		{22F0AAAD-46DA-4018-819F-7DDE80E9A41D}.Ad-Hoc|Any CPU.Deploy.0 = Debug|Any CPU
		{22F0AAAD-46DA-4018-819F-7DDE80E9A41D}.Ad-Hoc|iPhone.ActiveCfg = Debug|Any CPU
		{22F0AAAD-46DA-4018-819F-7DDE80E9A41D}.Ad-Hoc|iPhone.Build.0 = Debug|Any CPU
		{22F0AAAD-46DA-4018-819F-7DDE80E9A41D}.Ad-Hoc|iPhone.Deploy.0 = Debug|Any CPU
		{22F0AAAD-46DA-4018-819F-7DDE80E9A41D}.Ad-Hoc|iPhoneSimulator.ActiveCfg = Debug|Any CPU
		{22F0AAAD-46DA-4018-819F-7DDE80E9A41D}.Ad-Hoc|iPhoneSimulator.Build.0 = Debug|Any CPU
		{22F0AAAD-46DA-4018-819F-7DDE80E9A41D}.Ad-Hoc|iPhoneSimulator.Deploy.0 = Debug|Any CPU
		{22F0AAAD-46DA-4018-819F-7DDE80E9A41D}.AppStore|Any CPU.ActiveCfg = Debug|Any CPU
		{22F0AAAD-46DA-4018-819F-7DDE80E9A41D}.AppStore|Any CPU.Build.0 = Debug|Any CPU
		{22F0AAAD-46DA-4018-819F-7DDE80E9A41D}.AppStore|Any CPU.Deploy.0 = Debug|Any CPU
		{22F0AAAD-46DA-4018-819F-7DDE80E9A41D}.AppStore|iPhone.ActiveCfg = Debug|Any CPU
		{22F0AAAD-46DA-4018-819F-7DDE80E9A41D}.AppStore|iPhone.Build.0 = Debug|Any CPU
		{22F0AAAD-46DA-4018-819F-7DDE80E9A41D}.AppStore|iPhone.Deploy.0 = Debug|Any CPU
		{22F0AAAD-46DA-4018-819F-7DDE80E9A41D}.AppStore|iPhoneSimulator.ActiveCfg = Debug|Any CPU
		{22F0AAAD-46DA-4018-819F-7DDE80E9A41D}.AppStore|iPhoneSimulator.Build.0 = Debug|Any CPU
		{22F0AAAD-46DA-4018-819F-7DDE80E9A41D}.AppStore|iPhoneSimulator.Deploy.0 = Debug|Any CPU
		{22F0AAAD-46DA-4018-819F-7DDE80E9A41D}.Debug|Any CPU.ActiveCfg = Debug|Any CPU
		{22F0AAAD-46DA-4018-819F-7DDE80E9A41D}.Debug|Any CPU.Build.0 = Debug|Any CPU
		{22F0AAAD-46DA-4018-819F-7DDE80E9A41D}.Debug|Any CPU.Deploy.0 = Debug|Any CPU
		{22F0AAAD-46DA-4018-819F-7DDE80E9A41D}.Debug|iPhone.ActiveCfg = Debug|Any CPU
		{22F0AAAD-46DA-4018-819F-7DDE80E9A41D}.Debug|iPhone.Build.0 = Debug|Any CPU
		{22F0AAAD-46DA-4018-819F-7DDE80E9A41D}.Debug|iPhone.Deploy.0 = Debug|Any CPU
		{22F0AAAD-46DA-4018-819F-7DDE80E9A41D}.Debug|iPhoneSimulator.ActiveCfg = Debug|Any CPU
		{22F0AAAD-46DA-4018-819F-7DDE80E9A41D}.Debug|iPhoneSimulator.Build.0 = Debug|Any CPU
		{22F0AAAD-46DA-4018-819F-7DDE80E9A41D}.Debug|iPhoneSimulator.Deploy.0 = Debug|Any CPU
		{22F0AAAD-46DA-4018-819F-7DDE80E9A41D}.Release|Any CPU.ActiveCfg = Release|Any CPU
		{22F0AAAD-46DA-4018-819F-7DDE80E9A41D}.Release|Any CPU.Build.0 = Release|Any CPU
		{22F0AAAD-46DA-4018-819F-7DDE80E9A41D}.Release|Any CPU.Deploy.0 = Release|Any CPU
		{22F0AAAD-46DA-4018-819F-7DDE80E9A41D}.Release|iPhone.ActiveCfg = Release|Any CPU
		{22F0AAAD-46DA-4018-819F-7DDE80E9A41D}.Release|iPhone.Build.0 = Release|Any CPU
		{22F0AAAD-46DA-4018-819F-7DDE80E9A41D}.Release|iPhone.Deploy.0 = Release|Any CPU
		{22F0AAAD-46DA-4018-819F-7DDE80E9A41D}.Release|iPhoneSimulator.ActiveCfg = Release|Any CPU
		{22F0AAAD-46DA-4018-819F-7DDE80E9A41D}.Release|iPhoneSimulator.Build.0 = Release|Any CPU
		{22F0AAAD-46DA-4018-819F-7DDE80E9A41D}.Release|iPhoneSimulator.Deploy.0 = Release|Any CPU
		{869F66E0-294B-4C17-A3FF-47376CE25A5A}.Ad-Hoc|Any CPU.ActiveCfg = Debug|Any CPU
		{869F66E0-294B-4C17-A3FF-47376CE25A5A}.Ad-Hoc|Any CPU.Build.0 = Debug|Any CPU
		{869F66E0-294B-4C17-A3FF-47376CE25A5A}.Ad-Hoc|iPhone.ActiveCfg = Debug|Any CPU
		{869F66E0-294B-4C17-A3FF-47376CE25A5A}.Ad-Hoc|iPhone.Build.0 = Debug|Any CPU
		{869F66E0-294B-4C17-A3FF-47376CE25A5A}.Ad-Hoc|iPhoneSimulator.ActiveCfg = Debug|Any CPU
		{869F66E0-294B-4C17-A3FF-47376CE25A5A}.Ad-Hoc|iPhoneSimulator.Build.0 = Debug|Any CPU
		{869F66E0-294B-4C17-A3FF-47376CE25A5A}.AppStore|Any CPU.ActiveCfg = Debug|Any CPU
		{869F66E0-294B-4C17-A3FF-47376CE25A5A}.AppStore|Any CPU.Build.0 = Debug|Any CPU
		{869F66E0-294B-4C17-A3FF-47376CE25A5A}.AppStore|iPhone.ActiveCfg = Debug|Any CPU
		{869F66E0-294B-4C17-A3FF-47376CE25A5A}.AppStore|iPhone.Build.0 = Debug|Any CPU
		{869F66E0-294B-4C17-A3FF-47376CE25A5A}.AppStore|iPhoneSimulator.ActiveCfg = Debug|Any CPU
		{869F66E0-294B-4C17-A3FF-47376CE25A5A}.AppStore|iPhoneSimulator.Build.0 = Debug|Any CPU
		{869F66E0-294B-4C17-A3FF-47376CE25A5A}.Debug|Any CPU.ActiveCfg = Debug|Any CPU
		{869F66E0-294B-4C17-A3FF-47376CE25A5A}.Debug|Any CPU.Build.0 = Debug|Any CPU
		{869F66E0-294B-4C17-A3FF-47376CE25A5A}.Debug|iPhone.ActiveCfg = Debug|Any CPU
		{869F66E0-294B-4C17-A3FF-47376CE25A5A}.Debug|iPhone.Build.0 = Debug|Any CPU
		{869F66E0-294B-4C17-A3FF-47376CE25A5A}.Debug|iPhoneSimulator.ActiveCfg = Debug|Any CPU
		{869F66E0-294B-4C17-A3FF-47376CE25A5A}.Debug|iPhoneSimulator.Build.0 = Debug|Any CPU
		{869F66E0-294B-4C17-A3FF-47376CE25A5A}.Release|Any CPU.ActiveCfg = Release|Any CPU
		{869F66E0-294B-4C17-A3FF-47376CE25A5A}.Release|Any CPU.Build.0 = Release|Any CPU
		{869F66E0-294B-4C17-A3FF-47376CE25A5A}.Release|iPhone.ActiveCfg = Release|Any CPU
		{869F66E0-294B-4C17-A3FF-47376CE25A5A}.Release|iPhone.Build.0 = Release|Any CPU
		{869F66E0-294B-4C17-A3FF-47376CE25A5A}.Release|iPhoneSimulator.ActiveCfg = Release|Any CPU
		{869F66E0-294B-4C17-A3FF-47376CE25A5A}.Release|iPhoneSimulator.Build.0 = Release|Any CPU
	EndGlobalSection
	GlobalSection(SolutionProperties) = preSolution
		HideSolutionNode = FALSE
	EndGlobalSection
	GlobalSection(ExtensibilityGlobals) = postSolution
		SolutionGuid = {2DEBEED1-6CE9-4A49-858B-FB730116BCF2}
	EndGlobalSection
EndGlobal
